
Microsoft Visual Studio Solution File, Format Version 12.00
# Visual Studio 15
VisualStudioVersion = 15.0.27428.2002
MinimumVisualStudioVersion = 10.0.40219.1
Project("{8BC9CEB8-8B4A-11D0-8D11-00A0C91BC942}") = "Arkanoid", "Arkanoid\Arkanoid.vcxproj", "{460C2CE1-A312-4089-B6F2-826FFACE7A4F}"
EndProject
Global
	GlobalSection(SolutionConfigurationPlatforms) = preSolution
		Debug|x64 = Debug|x64
		Debug|x86 = Debug|x86
		Release|x64 = Release|x64
		Release|x86 = Release|x86
	EndGlobalSection
	GlobalSection(ProjectConfigurationPlatforms) = postSolution
		{460C2CE1-A312-4089-B6F2-826FFACE7A4F}.Debug|x64.ActiveCfg = Debug|x64
		{460C2CE1-A312-4089-B6F2-826FFACE7A4F}.Debug|x64.Build.0 = Debug|x64
		{460C2CE1-A312-4089-B6F2-826FFACE7A4F}.Debug|x86.ActiveCfg = Debug|Win32
		{460C2CE1-A312-4089-B6F2-826FFACE7A4F}.Debug|x86.Build.0 = Debug|Win32
		{460C2CE1-A312-4089-B6F2-826FFACE7A4F}.Release|x64.ActiveCfg = Release|x64
		{460C2CE1-A312-4089-B6F2-826FFACE7A4F}.Release|x64.Build.0 = Release|x64
		{460C2CE1-A312-4089-B6F2-826FFACE7A4F}.Release|x86.ActiveCfg = Release|Win32
		{460C2CE1-A312-4089-B6F2-826FFACE7A4F}.Release|x86.Build.0 = Release|Win32
	EndGlobalSection
	GlobalSection(SolutionProperties) = preSolution
		HideSolutionNode = FALSE
	EndGlobalSection
	GlobalSection(ExtensibilityGlobals) = postSolution
		SolutionGuid = {584D9591-FC21-41C9-8614-96EF93A02447}
	EndGlobalSection
EndGlobal
